
Microsoft Visual Studio Solution File, Format Version 12.00
# Visual Studio Version 16
VisualStudioVersion = 16.0.30517.126
MinimumVisualStudioVersion = 10.0.40219.1
Project("{FAE04EC0-301F-11D3-BF4B-00C04F79EFBC}") = "Demo", "Demo\Demo.csproj", "{ADE6D50C-98AB-462F-BD4E-A8D466A6D9CA}"
EndProject
Global
	GlobalSection(SolutionConfigurationPlatforms) = preSolution
		Debug|Any CPU = Debug|Any CPU
		Release|Any CPU = Release|Any CPU
	EndGlobalSection
	GlobalSection(ProjectConfigurationPlatforms) = postSolution
		{ADE6D50C-98AB-462F-BD4E-A8D466A6D9CA}.Debug|Any CPU.ActiveCfg = Debug|Any CPU
		{ADE6D50C-98AB-462F-BD4E-A8D466A6D9CA}.Debug|Any CPU.Build.0 = Debug|Any CPU
		{ADE6D50C-98AB-462F-BD4E-A8D466A6D9CA}.Release|Any CPU.ActiveCfg = Release|Any CPU
		{ADE6D50C-98AB-462F-BD4E-A8D466A6D9CA}.Release|Any CPU.Build.0 = Release|Any CPU
	EndGlobalSection
	GlobalSection(SolutionProperties) = preSolution
		HideSolutionNode = FALSE
	EndGlobalSection
	GlobalSection(ExtensibilityGlobals) = postSolution
		SolutionGuid = {FF5F464C-77F2-4271-BDC4-928E416A0D26}
	EndGlobalSection
EndGlobal
